{
  "nodes": {
    "home-manager": {
      "inputs": {
        "nixpkgs": [
          "nixpkgs"
        ]
      },
      "locked": {
        "lastModified": 1690969277,
        "narHash": "sha256-oZmQQIjAJoi67N+FDOtqJi8yMv7qZ3BZAUw54EZ2BTE=",
        "owner": "nix-community",
        "repo": "home-manager",
        "rev": "a146ab6a61c20b97b8343c7c77870a4a3f645b1c",
        "type": "github"
      },
      "original": {
        "owner": "nix-community",
        "repo": "home-manager",
        "type": "github"
      }
    },
    "nixpkgs": {
      "locked": {
        "lastModified": 1690924695,
        "narHash": "sha256-1yshNzds/qJztMoJk0Sa2xhKwSLaOAuepR6ABWbrgRU=",
        "owner": "nixos",
        "repo": "nixpkgs",
        "rev": "7282565b1ca9ba7b293b899411e70167f4a7c1ff",
        "type": "github"
      },
      "original": {
        "owner": "nixos",
        "ref": "nixpkgs-unstable",
        "repo": "nixpkgs",
        "type": "github"
      }
    },
    "root": {
      "inputs": {
        "home-manager": "home-manager",
        "nixpkgs": "nixpkgs"
      }
    }
  },
  "root": "root",
  "version": 7
}
